
Microsoft Visual Studio Solution File, Format Version 12.00
# Visual Studio Version 17
VisualStudioVersion = 17.11.35222.181
MinimumVisualStudioVersion = 10.0.40219.1
Project("{FAE04EC0-301F-11D3-BF4B-00C04F79EFBC}") = "SuperAdventure", "SuperAdventure\SuperAdventure.csproj", "{286A5DC1-98B5-4D86-977A-8F620EF1CF19}"
EndProject
Project("{FAE04EC0-301F-11D3-BF4B-00C04F79EFBC}") = "Engine", "Engine\Engine.csproj", "{04C8A0D6-A9DC-4413-8C96-C3E731B3C945}"
EndProject
Global
	GlobalSection(SolutionConfigurationPlatforms) = preSolution
		Debug|Any CPU = Debug|Any CPU
		Release|Any CPU = Release|Any CPU
	EndGlobalSection
	GlobalSection(ProjectConfigurationPlatforms) = postSolution
		{286A5DC1-98B5-4D86-977A-8F620EF1CF19}.Debug|Any CPU.ActiveCfg = Debug|Any CPU
		{286A5DC1-98B5-4D86-977A-8F620EF1CF19}.Debug|Any CPU.Build.0 = Debug|Any CPU
		{286A5DC1-98B5-4D86-977A-8F620EF1CF19}.Release|Any CPU.ActiveCfg = Release|Any CPU
		{286A5DC1-98B5-4D86-977A-8F620EF1CF19}.Release|Any CPU.Build.0 = Release|Any CPU
		{04C8A0D6-A9DC-4413-8C96-C3E731B3C945}.Debug|Any CPU.ActiveCfg = Debug|Any CPU
		{04C8A0D6-A9DC-4413-8C96-C3E731B3C945}.Debug|Any CPU.Build.0 = Debug|Any CPU
		{04C8A0D6-A9DC-4413-8C96-C3E731B3C945}.Release|Any CPU.ActiveCfg = Release|Any CPU
		{04C8A0D6-A9DC-4413-8C96-C3E731B3C945}.Release|Any CPU.Build.0 = Release|Any CPU
	EndGlobalSection
	GlobalSection(SolutionProperties) = preSolution
		HideSolutionNode = FALSE
	EndGlobalSection
	GlobalSection(ExtensibilityGlobals) = postSolution
		SolutionGuid = {5E690AEE-8C9F-488E-8C70-B876D5D0650A}
	EndGlobalSection
EndGlobal
